{
  "originHash" : "787189544fbcb5e6c1cc135d509def186f493048c8e1d70576f703f1ce144908",
  "pins" : [
    {
      "identity" : "swiftevolution",
      "kind" : "remoteSourceControl",
      "location" : "https://github.com/davidscheutz/SwiftEvolution.git",
      "state" : {
        "branch" : "main",
        "revision" : "0fc4402897ac4b06fc410754ce7f7f245f19cce2"
      }
    },
    {
      "identity" : "swiftudf",
      "kind" : "remoteSourceControl",
      "location" : "https://github.com/davidscheutz/SwiftUDF.git",
      "state" : {
        "branch" : "master",
        "revision" : "48a63fbfb5557f54f005927ae2d78d3a602f3ebe"
      }
    }
  ],
  "version" : 3
}
