// !$*UTF8*$!
{
	archiveVersion = 1;
	classes = {
	};
	objectVersion = 60;
	objects = {

/* Begin PBXBuildFile section */
		B93F2C952DAA36BF002EBDC9 /* SwiftUDF in Frameworks */ = {isa = PBXBuildFile; productRef = B93F2C942DAA36BF002EBDC9 /* SwiftUDF */; };
		B9917FA92C1642E100F10DB0 /* DemoApp.swift in Sources */ = {isa = PBXBuildFile; fileRef = B9917FA82C1642E100F10DB0 /* DemoApp.swift */; };
		B9917FAD2C1642E400F10DB0 /* Assets.xcassets in Resources */ = {isa = PBXBuildFile; fileRef = B9917FAC2C1642E400F10DB0 /* Assets.xcassets */; };
		B9917FB12C1642E400F10DB0 /* Preview Assets.xcassets in Resources */ = {isa = PBXBuildFile; fileRef = B9917FB02C1642E400F10DB0 /* Preview Assets.xcassets */; };
		B9917FBB2C1642E400F10DB0 /* DemoTests.swift in Sources */ = {isa = PBXBuildFile; fileRef = B9917FBA2C1642E400F10DB0 /* DemoTests.swift */; };
		B9917FD52C16438B00F10DB0 /* SwiftUDF in Frameworks */ = {isa = PBXBuildFile; productRef = B9917FD42C16438B00F10DB0 /* SwiftUDF */; };
		B9917FD82C16441600F10DB0 /* CounterState.swift in Sources */ = {isa = PBXBuildFile; fileRef = B9917FD72C16441600F10DB0 /* CounterState.swift */; };
		B9917FDA2C1644AF00F10DB0 /* CounterLoop.swift in Sources */ = {isa = PBXBuildFile; fileRef = B9917FD92C1644AF00F10DB0 /* CounterLoop.swift */; };
		B9BDAC6F2C1953D500EC659E /* CounterView.swift in Sources */ = {isa = PBXBuildFile; fileRef = B9917FAA2C1642E100F10DB0 /* CounterView.swift */; };
/* End PBXBuildFile section */

/* Begin PBXContainerItemProxy section */
		B9917FB72C1642E400F10DB0 /* PBXContainerItemProxy */ = {
			isa = PBXContainerItemProxy;
			containerPortal = B9917F9D2C1642E100F10DB0 /* Project object */;
			proxyType = 1;
			remoteGlobalIDString = B9917FA42C1642E100F10DB0;
			remoteInfo = Demo;
		};
/* End PBXContainerItemProxy section */

/* Begin PBXFileReference section */
		B9917FA52C1642E100F10DB0 /* Demo.app */ = {isa = PBXFileReference; explicitFileType = wrapper.application; includeInIndex = 0; path = Demo.app; sourceTree = BUILT_PRODUCTS_DIR; };
		B9917FA82C1642E100F10DB0 /* DemoApp.swift */ = {isa = PBXFileReference; lastKnownFileType = sourcecode.swift; path = DemoApp.swift; sourceTree = "<group>"; };
		B9917FAA2C1642E100F10DB0 /* CounterView.swift */ = {isa = PBXFileReference; lastKnownFileType = sourcecode.swift; path = CounterView.swift; sourceTree = "<group>"; };
		B9917FAC2C1642E400F10DB0 /* Assets.xcassets */ = {isa = PBXFileReference; lastKnownFileType = folder.assetcatalog; path = Assets.xcassets; sourceTree = "<group>"; };
		B9917FAE2C1642E400F10DB0 /* Demo.entitlements */ = {isa = PBXFileReference; lastKnownFileType = text.plist.entitlements; path = Demo.entitlements; sourceTree = "<group>"; };
		B9917FB02C1642E400F10DB0 /* Preview Assets.xcassets */ = {isa = PBXFileReference; lastKnownFileType = folder.assetcatalog; path = "Preview Assets.xcassets"; sourceTree = "<group>"; };
		B9917FB62C1642E400F10DB0 /* DemoTests.xctest */ = {isa = PBXFileReference; explicitFileType = wrapper.cfbundle; includeInIndex = 0; path = DemoTests.xctest; sourceTree = BUILT_PRODUCTS_DIR; };
		B9917FBA2C1642E400F10DB0 /* DemoTests.swift */ = {isa = PBXFileReference; lastKnownFileType = sourcecode.swift; path = DemoTests.swift; sourceTree = "<group>"; };
		B9917FD72C16441600F10DB0 /* CounterState.swift */ = {isa = PBXFileReference; lastKnownFileType = sourcecode.swift; path = CounterState.swift; sourceTree = "<group>"; };
		B9917FD92C1644AF00F10DB0 /* CounterLoop.swift */ = {isa = PBXFileReference; lastKnownFileType = sourcecode.swift; path = CounterLoop.swift; sourceTree = "<group>"; };
/* End PBXFileReference section */

/* Begin PBXFrameworksBuildPhase section */
		B9917FA22C1642E100F10DB0 /* Frameworks */ = {
			isa = PBXFrameworksBuildPhase;
			buildActionMask = 2147483647;
			files = (
				B93F2C952DAA36BF002EBDC9 /* SwiftUDF in Frameworks */,
				B9917FD52C16438B00F10DB0 /* SwiftUDF in Frameworks */,
			);
			runOnlyForDeploymentPostprocessing = 0;
		};
		B9917FB32C1642E400F10DB0 /* Frameworks */ = {
			isa = PBXFrameworksBuildPhase;
			buildActionMask = 2147483647;
			files = (
			);
			runOnlyForDeploymentPostprocessing = 0;
		};
/* End PBXFrameworksBuildPhase section */

/* Begin PBXGroup section */
		B9917F9C2C1642E100F10DB0 = {
			isa = PBXGroup;
			children = (
				B9917FA72C1642E100F10DB0 /* Demo */,
				B9917FB92C1642E400F10DB0 /* DemoTests */,
				B9917FA62C1642E100F10DB0 /* Products */,
			);
			sourceTree = "<group>";
		};
		B9917FA62C1642E100F10DB0 /* Products */ = {
			isa = PBXGroup;
			children = (
				B9917FA52C1642E100F10DB0 /* Demo.app */,
				B9917FB62C1642E400F10DB0 /* DemoTests.xctest */,
			);
			name = Products;
			sourceTree = "<group>";
		};
		B9917FA72C1642E100F10DB0 /* Demo */ = {
			isa = PBXGroup;
			children = (
				B9917FA82C1642E100F10DB0 /* DemoApp.swift */,
				B9917FD62C1643A500F10DB0 /* Counter */,
				B9917FAC2C1642E400F10DB0 /* Assets.xcassets */,
				B9917FAE2C1642E400F10DB0 /* Demo.entitlements */,
				B9917FAF2C1642E400F10DB0 /* Preview Content */,
			);
			path = Demo;
			sourceTree = "<group>";
		};
		B9917FAF2C1642E400F10DB0 /* Preview Content */ = {
			isa = PBXGroup;
			children = (
				B9917FB02C1642E400F10DB0 /* Preview Assets.xcassets */,
			);
			path = "Preview Content";
			sourceTree = "<group>";
		};
		B9917FB92C1642E400F10DB0 /* DemoTests */ = {
			isa = PBXGroup;
			children = (
				B9917FBA2C1642E400F10DB0 /* DemoTests.swift */,
			);
			path = DemoTests;
			sourceTree = "<group>";
		};
		B9917FD62C1643A500F10DB0 /* Counter */ = {
			isa = PBXGroup;
			children = (
				B9917FAA2C1642E100F10DB0 /* CounterView.swift */,
				B9917FD72C16441600F10DB0 /* CounterState.swift */,
				B9917FD92C1644AF00F10DB0 /* CounterLoop.swift */,
			);
			path = Counter;
			sourceTree = "<group>";
		};
/* End PBXGroup section */

/* Begin PBXNativeTarget section */
		B9917FA42C1642E100F10DB0 /* Demo */ = {
			isa = PBXNativeTarget;
			buildConfigurationList = B9917FCA2C1642E400F10DB0 /* Build configuration list for PBXNativeTarget "Demo" */;
			buildPhases = (
				B9917FA12C1642E100F10DB0 /* Sources */,
				B9917FA22C1642E100F10DB0 /* Frameworks */,
				B9917FA32C1642E100F10DB0 /* Resources */,
			);
			buildRules = (
			);
			dependencies = (
				B93F2C972DAA36C8002EBDC9 /* PBXTargetDependency */,
			);
			name = Demo;
			packageProductDependencies = (
				B9917FD42C16438B00F10DB0 /* SwiftUDF */,
				B93F2C942DAA36BF002EBDC9 /* SwiftUDF */,
			);
			productName = Demo;
			productReference = B9917FA52C1642E100F10DB0 /* Demo.app */;
			productType = "com.apple.product-type.application";
		};
		B9917FB52C1642E400F10DB0 /* DemoTests */ = {
			isa = PBXNativeTarget;
			buildConfigurationList = B9917FCD2C1642E400F10DB0 /* Build configuration list for PBXNativeTarget "DemoTests" */;
			buildPhases = (
				B9917FB22C1642E400F10DB0 /* Sources */,
				B9917FB32C1642E400F10DB0 /* Frameworks */,
				B9917FB42C1642E400F10DB0 /* Resources */,
			);
			buildRules = (
			);
			dependencies = (
				B9917FB82C1642E400F10DB0 /* PBXTargetDependency */,
			);
			name = DemoTests;
			productName = DemoTests;
			productReference = B9917FB62C1642E400F10DB0 /* DemoTests.xctest */;
			productType = "com.apple.product-type.bundle.unit-test";
		};
/* End PBXNativeTarget section */

/* Begin PBXProject section */
		B9917F9D2C1642E100F10DB0 /* Project object */ = {
			isa = PBXProject;
			attributes = {
				BuildIndependentTargetsInParallel = 1;
				LastSwiftUpdateCheck = 1530;
				LastUpgradeCheck = 1530;
				TargetAttributes = {
					B9917FA42C1642E100F10DB0 = {
						CreatedOnToolsVersion = 15.3;
					};
					B9917FB52C1642E400F10DB0 = {
						CreatedOnToolsVersion = 15.3;
						TestTargetID = B9917FA42C1642E100F10DB0;
					};
				};
			};
			buildConfigurationList = B9917FA02C1642E100F10DB0 /* Build configuration list for PBXProject "Demo" */;
			compatibilityVersion = "Xcode 14.0";
			developmentRegion = en;
			hasScannedForEncodings = 0;
			knownRegions = (
				en,
				Base,
			);
			mainGroup = B9917F9C2C1642E100F10DB0;
			packageReferences = (
				B93F2C932DAA36BF002EBDC9 /* XCLocalSwiftPackageReference "../../swift-unidirectional-data-flow" */,
			);
			productRefGroup = B9917FA62C1642E100F10DB0 /* Products */;
			projectDirPath = "";
			projectRoot = "";
			targets = (
				B9917FA42C1642E100F10DB0 /* Demo */,
				B9917FB52C1642E400F10DB0 /* DemoTests */,
			);
		};
/* End PBXProject section */

/* Begin PBXResourcesBuildPhase section */
		B9917FA32C1642E100F10DB0 /* Resources */ = {
			isa = PBXResourcesBuildPhase;
			buildActionMask = 2147483647;
			files = (
				B9917FB12C1642E400F10DB0 /* Preview Assets.xcassets in Resources */,
				B9917FAD2C1642E400F10DB0 /* Assets.xcassets in Resources */,
			);
			runOnlyForDeploymentPostprocessing = 0;
		};
		B9917FB42C1642E400F10DB0 /* Resources */ = {
			isa = PBXResourcesBuildPhase;
			buildActionMask = 2147483647;
			files = (
			);
			runOnlyForDeploymentPostprocessing = 0;
		};
/* End PBXResourcesBuildPhase section */

/* Begin PBXSourcesBuildPhase section */
		B9917FA12C1642E100F10DB0 /* Sources */ = {
			isa = PBXSourcesBuildPhase;
			buildActionMask = 2147483647;
			files = (
				B9917FD82C16441600F10DB0 /* CounterState.swift in Sources */,
				B9917FDA2C1644AF00F10DB0 /* CounterLoop.swift in Sources */,
				B9917FA92C1642E100F10DB0 /* DemoApp.swift in Sources */,
				B9BDAC6F2C1953D500EC659E /* CounterView.swift in Sources */,
			);
			runOnlyForDeploymentPostprocessing = 0;
		};
		B9917FB22C1642E400F10DB0 /* Sources */ = {
			isa = PBXSourcesBuildPhase;
			buildActionMask = 2147483647;
			files = (
				B9917FBB2C1642E400F10DB0 /* DemoTests.swift in Sources */,
			);
			runOnlyForDeploymentPostprocessing = 0;
		};
/* End PBXSourcesBuildPhase section */

/* Begin PBXTargetDependency section */
		B93F2C972DAA36C8002EBDC9 /* PBXTargetDependency */ = {
			isa = PBXTargetDependency;
			productRef = B93F2C962DAA36C8002EBDC9 /* SwiftUDFCodeGeneratorPlugin */;
		};
		B9917FB82C1642E400F10DB0 /* PBXTargetDependency */ = {
			isa = PBXTargetDependency;
			target = B9917FA42C1642E100F10DB0 /* Demo */;
			targetProxy = B9917FB72C1642E400F10DB0 /* PBXContainerItemProxy */;
		};
/* End PBXTargetDependency section */

/* Begin XCBuildConfiguration section */
		B9917FC82C1642E400F10DB0 /* Debug */ = {
			isa = XCBuildConfiguration;
			buildSettings = {
				ALWAYS_SEARCH_USER_PATHS = NO;
				ASSETCATALOG_COMPILER_GENERATE_SWIFT_ASSET_SYMBOL_EXTENSIONS = YES;
				CLANG_ANALYZER_NONNULL = YES;
				CLANG_ANALYZER_NUMBER_OBJECT_CONVERSION = YES_AGGRESSIVE;
				CLANG_CXX_LANGUAGE_STANDARD = "gnu++20";
				CLANG_ENABLE_MODULES = YES;
				CLANG_ENABLE_OBJC_ARC = YES;
				CLANG_ENABLE_OBJC_WEAK = YES;
				CLANG_WARN_BLOCK_CAPTURE_AUTORELEASING = YES;
				CLANG_WARN_BOOL_CONVERSION = YES;
				CLANG_WARN_COMMA = YES;
				CLANG_WARN_CONSTANT_CONVERSION = YES;
				CLANG_WARN_DEPRECATED_OBJC_IMPLEMENTATIONS = YES;
				CLANG_WARN_DIRECT_OBJC_ISA_USAGE = YES_ERROR;
				CLANG_WARN_DOCUMENTATION_COMMENTS = YES;
				CLANG_WARN_EMPTY_BODY = YES;
				CLANG_WARN_ENUM_CONVERSION = YES;
				CLANG_WARN_INFINITE_RECURSION = YES;
				CLANG_WARN_INT_CONVERSION = YES;
				CLANG_WARN_NON_LITERAL_NULL_CONVERSION = YES;
				CLANG_WARN_OBJC_IMPLICIT_RETAIN_SELF = YES;
				CLANG_WARN_OBJC_LITERAL_CONVERSION = YES;
				CLANG_WARN_OBJC_ROOT_CLASS = YES_ERROR;
				CLANG_WARN_QUOTED_INCLUDE_IN_FRAMEWORK_HEADER = YES;
				CLANG_WARN_RANGE_LOOP_ANALYSIS = YES;
				CLANG_WARN_STRICT_PROTOTYPES = YES;
				CLANG_WARN_SUSPICIOUS_MOVE = YES;
				CLANG_WARN_UNGUARDED_AVAILABILITY = YES_AGGRESSIVE;
				CLANG_WARN_UNREACHABLE_CODE = YES;
				CLANG_WARN__DUPLICATE_METHOD_MATCH = YES;
				COPY_PHASE_STRIP = NO;
				DEBUG_INFORMATION_FORMAT = dwarf;
				ENABLE_STRICT_OBJC_MSGSEND = YES;
				ENABLE_TESTABILITY = YES;
				ENABLE_USER_SCRIPT_SANDBOXING = YES;
				GCC_C_LANGUAGE_STANDARD = gnu17;
				GCC_DYNAMIC_NO_PIC = NO;
				GCC_NO_COMMON_BLOCKS = YES;
				GCC_OPTIMIZATION_LEVEL = 0;
				GCC_PREPROCESSOR_DEFINITIONS = (
					"DEBUG=1",
					"$(inherited)",
				);
				GCC_WARN_64_TO_32_BIT_CONVERSION = YES;
				GCC_WARN_ABOUT_RETURN_TYPE = YES_ERROR;
				GCC_WARN_UNDECLARED_SELECTOR = YES;
				GCC_WARN_UNINITIALIZED_AUTOS = YES_AGGRESSIVE;
				GCC_WARN_UNUSED_FUNCTION = YES;
				GCC_WARN_UNUSED_VARIABLE = YES;
				LOCALIZATION_PREFERS_STRING_CATALOGS = YES;
				MTL_ENABLE_DEBUG_INFO = INCLUDE_SOURCE;
				MTL_FAST_MATH = YES;
				ONLY_ACTIVE_ARCH = YES;
				SWIFT_ACTIVE_COMPILATION_CONDITIONS = "DEBUG $(inherited)";
				SWIFT_OPTIMIZATION_LEVEL = "-Onone";
			};
			name = Debug;
		};
		B9917FC92C1642E400F10DB0 /* Release */ = {
			isa = XCBuildConfiguration;
			buildSettings = {
				ALWAYS_SEARCH_USER_PATHS = NO;
				ASSETCATALOG_COMPILER_GENERATE_SWIFT_ASSET_SYMBOL_EXTENSIONS = YES;
				CLANG_ANALYZER_NONNULL = YES;
				CLANG_ANALYZER_NUMBER_OBJECT_CONVERSION = YES_AGGRESSIVE;
				CLANG_CXX_LANGUAGE_STANDARD = "gnu++20";
				CLANG_ENABLE_MODULES = YES;
				CLANG_ENABLE_OBJC_ARC = YES;
				CLANG_ENABLE_OBJC_WEAK = YES;
				CLANG_WARN_BLOCK_CAPTURE_AUTORELEASING = YES;
				CLANG_WARN_BOOL_CONVERSION = YES;
				CLANG_WARN_COMMA = YES;
				CLANG_WARN_CONSTANT_CONVERSION = YES;
				CLANG_WARN_DEPRECATED_OBJC_IMPLEMENTATIONS = YES;
				CLANG_WARN_DIRECT_OBJC_ISA_USAGE = YES_ERROR;
				CLANG_WARN_DOCUMENTATION_COMMENTS = YES;
				CLANG_WARN_EMPTY_BODY = YES;
				CLANG_WARN_ENUM_CONVERSION = YES;
				CLANG_WARN_INFINITE_RECURSION = YES;
				CLANG_WARN_INT_CONVERSION = YES;
				CLANG_WARN_NON_LITERAL_NULL_CONVERSION = YES;
				CLANG_WARN_OBJC_IMPLICIT_RETAIN_SELF = YES;
				CLANG_WARN_OBJC_LITERAL_CONVERSION = YES;
				CLANG_WARN_OBJC_ROOT_CLASS = YES_ERROR;
				CLANG_WARN_QUOTED_INCLUDE_IN_FRAMEWORK_HEADER = YES;
				CLANG_WARN_RANGE_LOOP_ANALYSIS = YES;
				CLANG_WARN_STRICT_PROTOTYPES = YES;
				CLANG_WARN_SUSPICIOUS_MOVE = YES;
				CLANG_WARN_UNGUARDED_AVAILABILITY = YES_AGGRESSIVE;
				CLANG_WARN_UNREACHABLE_CODE = YES;
				CLANG_WARN__DUPLICATE_METHOD_MATCH = YES;
				COPY_PHASE_STRIP = NO;
				DEBUG_INFORMATION_FORMAT = "dwarf-with-dsym";
				ENABLE_NS_ASSERTIONS = NO;
				ENABLE_STRICT_OBJC_MSGSEND = YES;
				ENABLE_USER_SCRIPT_SANDBOXING = YES;
				GCC_C_LANGUAGE_STANDARD = gnu17;
				GCC_NO_COMMON_BLOCKS = YES;
				GCC_WARN_64_TO_32_BIT_CONVERSION = YES;
				GCC_WARN_ABOUT_RETURN_TYPE = YES_ERROR;
				GCC_WARN_UNDECLARED_SELECTOR = YES;
				GCC_WARN_UNINITIALIZED_AUTOS = YES_AGGRESSIVE;
				GCC_WARN_UNUSED_FUNCTION = YES;
				GCC_WARN_UNUSED_VARIABLE = YES;
				LOCALIZATION_PREFERS_STRING_CATALOGS = YES;
				MTL_ENABLE_DEBUG_INFO = NO;
				MTL_FAST_MATH = YES;
				SWIFT_COMPILATION_MODE = wholemodule;
			};
			name = Release;
		};
		B9917FCB2C1642E400F10DB0 /* Debug */ = {
			isa = XCBuildConfiguration;
			buildSettings = {
				ASSETCATALOG_COMPILER_APPICON_NAME = AppIcon;
				ASSETCATALOG_COMPILER_GLOBAL_ACCENT_COLOR_NAME = AccentColor;
				CODE_SIGN_ENTITLEMENTS = Demo/Demo.entitlements;
				CODE_SIGN_STYLE = Automatic;
				CURRENT_PROJECT_VERSION = 1;
				DEVELOPMENT_ASSET_PATHS = "\"Demo/Preview Content\"";
				DEVELOPMENT_TEAM = C5SE39MZ59;
				ENABLE_HARDENED_RUNTIME = YES;
				ENABLE_PREVIEWS = YES;
				GENERATE_INFOPLIST_FILE = YES;
				"INFOPLIST_KEY_UIApplicationSceneManifest_Generation[sdk=iphoneos*]" = YES;
				"INFOPLIST_KEY_UIApplicationSceneManifest_Generation[sdk=iphonesimulator*]" = YES;
				"INFOPLIST_KEY_UIApplicationSupportsIndirectInputEvents[sdk=iphoneos*]" = YES;
				"INFOPLIST_KEY_UIApplicationSupportsIndirectInputEvents[sdk=iphonesimulator*]" = YES;
				"INFOPLIST_KEY_UILaunchScreen_Generation[sdk=iphoneos*]" = YES;
				"INFOPLIST_KEY_UILaunchScreen_Generation[sdk=iphonesimulator*]" = YES;
				"INFOPLIST_KEY_UIStatusBarStyle[sdk=iphoneos*]" = UIStatusBarStyleDefault;
				"INFOPLIST_KEY_UIStatusBarStyle[sdk=iphonesimulator*]" = UIStatusBarStyleDefault;
				INFOPLIST_KEY_UISupportedInterfaceOrientations_iPad = "UIInterfaceOrientationPortrait UIInterfaceOrientationPortraitUpsideDown UIInterfaceOrientationLandscapeLeft UIInterfaceOrientationLandscapeRight";
				INFOPLIST_KEY_UISupportedInterfaceOrientations_iPhone = "UIInterfaceOrientationPortrait UIInterfaceOrientationLandscapeLeft UIInterfaceOrientationLandscapeRight";
				IPHONEOS_DEPLOYMENT_TARGET = 17.4;
				LD_RUNPATH_SEARCH_PATHS = "@executable_path/Frameworks";
				"LD_RUNPATH_SEARCH_PATHS[sdk=macosx*]" = "@executable_path/../Frameworks";
				MACOSX_DEPLOYMENT_TARGET = 14.4;
				MARKETING_VERSION = 1.0;
				PRODUCT_BUNDLE_IDENTIFIER = swiftui.demo.Demo;
				PRODUCT_NAME = "$(TARGET_NAME)";
				SDKROOT = auto;
				SUPPORTED_PLATFORMS = "iphoneos iphonesimulator macosx";
				SWIFT_EMIT_LOC_STRINGS = YES;
				SWIFT_VERSION = 5.0;
				TARGETED_DEVICE_FAMILY = "1,2";
			};
			name = Debug;
		};
		B9917FCC2C1642E400F10DB0 /* Release */ = {
			isa = XCBuildConfiguration;
			buildSettings = {
				ASSETCATALOG_COMPILER_APPICON_NAME = AppIcon;
				ASSETCATALOG_COMPILER_GLOBAL_ACCENT_COLOR_NAME = AccentColor;
				CODE_SIGN_ENTITLEMENTS = Demo/Demo.entitlements;
				CODE_SIGN_STYLE = Automatic;
				CURRENT_PROJECT_VERSION = 1;
				DEVELOPMENT_ASSET_PATHS = "\"Demo/Preview Content\"";
				DEVELOPMENT_TEAM = C5SE39MZ59;
				ENABLE_HARDENED_RUNTIME = YES;
				ENABLE_PREVIEWS = YES;
				GENERATE_INFOPLIST_FILE = YES;
				"INFOPLIST_KEY_UIApplicationSceneManifest_Generation[sdk=iphoneos*]" = YES;
				"INFOPLIST_KEY_UIApplicationSceneManifest_Generation[sdk=iphonesimulator*]" = YES;
				"INFOPLIST_KEY_UIApplicationSupportsIndirectInputEvents[sdk=iphoneos*]" = YES;
				"INFOPLIST_KEY_UIApplicationSupportsIndirectInputEvents[sdk=iphonesimulator*]" = YES;
				"INFOPLIST_KEY_UILaunchScreen_Generation[sdk=iphoneos*]" = YES;
				"INFOPLIST_KEY_UILaunchScreen_Generation[sdk=iphonesimulator*]" = YES;
				"INFOPLIST_KEY_UIStatusBarStyle[sdk=iphoneos*]" = UIStatusBarStyleDefault;
				"INFOPLIST_KEY_UIStatusBarStyle[sdk=iphonesimulator*]" = UIStatusBarStyleDefault;
				INFOPLIST_KEY_UISupportedInterfaceOrientations_iPad = "UIInterfaceOrientationPortrait UIInterfaceOrientationPortraitUpsideDown UIInterfaceOrientationLandscapeLeft UIInterfaceOrientationLandscapeRight";
				INFOPLIST_KEY_UISupportedInterfaceOrientations_iPhone = "UIInterfaceOrientationPortrait UIInterfaceOrientationLandscapeLeft UIInterfaceOrientationLandscapeRight";
				IPHONEOS_DEPLOYMENT_TARGET = 17.4;
				LD_RUNPATH_SEARCH_PATHS = "@executable_path/Frameworks";
				"LD_RUNPATH_SEARCH_PATHS[sdk=macosx*]" = "@executable_path/../Frameworks";
				MACOSX_DEPLOYMENT_TARGET = 14.4;
				MARKETING_VERSION = 1.0;
				PRODUCT_BUNDLE_IDENTIFIER = swiftui.demo.Demo;
				PRODUCT_NAME = "$(TARGET_NAME)";
				SDKROOT = auto;
				SUPPORTED_PLATFORMS = "iphoneos iphonesimulator macosx";
				SWIFT_EMIT_LOC_STRINGS = YES;
				SWIFT_VERSION = 5.0;
				TARGETED_DEVICE_FAMILY = "1,2";
			};
			name = Release;
		};
		B9917FCE2C1642E400F10DB0 /* Debug */ = {
			isa = XCBuildConfiguration;
			buildSettings = {
				ALWAYS_EMBED_SWIFT_STANDARD_LIBRARIES = YES;
				BUNDLE_LOADER = "$(TEST_HOST)";
				CODE_SIGN_STYLE = Automatic;
				CURRENT_PROJECT_VERSION = 1;
				DEVELOPMENT_TEAM = C5SE39MZ59;
				GENERATE_INFOPLIST_FILE = YES;
				IPHONEOS_DEPLOYMENT_TARGET = 17.4;
				MACOSX_DEPLOYMENT_TARGET = 14.4;
				MARKETING_VERSION = 1.0;
				PRODUCT_BUNDLE_IDENTIFIER = swiftui.demo.DemoTests;
				PRODUCT_NAME = "$(TARGET_NAME)";
				SDKROOT = auto;
				SUPPORTED_PLATFORMS = "iphoneos iphonesimulator macosx";
				SWIFT_EMIT_LOC_STRINGS = NO;
				SWIFT_VERSION = 5.0;
				TARGETED_DEVICE_FAMILY = "1,2";
				TEST_HOST = "$(BUILT_PRODUCTS_DIR)/Demo.app/$(BUNDLE_EXECUTABLE_FOLDER_PATH)/Demo";
			};
			name = Debug;
		};
		B9917FCF2C1642E400F10DB0 /* Release */ = {
			isa = XCBuildConfiguration;
			buildSettings = {
				ALWAYS_EMBED_SWIFT_STANDARD_LIBRARIES = YES;
				BUNDLE_LOADER = "$(TEST_HOST)";
				CODE_SIGN_STYLE = Automatic;
				CURRENT_PROJECT_VERSION = 1;
				DEVELOPMENT_TEAM = C5SE39MZ59;
				GENERATE_INFOPLIST_FILE = YES;
				IPHONEOS_DEPLOYMENT_TARGET = 17.4;
				MACOSX_DEPLOYMENT_TARGET = 14.4;
				MARKETING_VERSION = 1.0;
				PRODUCT_BUNDLE_IDENTIFIER = swiftui.demo.DemoTests;
				PRODUCT_NAME = "$(TARGET_NAME)";
				SDKROOT = auto;
				SUPPORTED_PLATFORMS = "iphoneos iphonesimulator macosx";
				SWIFT_EMIT_LOC_STRINGS = NO;
				SWIFT_VERSION = 5.0;
				TARGETED_DEVICE_FAMILY = "1,2";
				TEST_HOST = "$(BUILT_PRODUCTS_DIR)/Demo.app/$(BUNDLE_EXECUTABLE_FOLDER_PATH)/Demo";
			};
			name = Release;
		};
/* End XCBuildConfiguration section */

/* Begin XCConfigurationList section */
		B9917FA02C1642E100F10DB0 /* Build configuration list for PBXProject "Demo" */ = {
			isa = XCConfigurationList;
			buildConfigurations = (
				B9917FC82C1642E400F10DB0 /* Debug */,
				B9917FC92C1642E400F10DB0 /* Release */,
			);
			defaultConfigurationIsVisible = 0;
			defaultConfigurationName = Release;
		};
		B9917FCA2C1642E400F10DB0 /* Build configuration list for PBXNativeTarget "Demo" */ = {
			isa = XCConfigurationList;
			buildConfigurations = (
				B9917FCB2C1642E400F10DB0 /* Debug */,
				B9917FCC2C1642E400F10DB0 /* Release */,
			);
			defaultConfigurationIsVisible = 0;
			defaultConfigurationName = Release;
		};
		B9917FCD2C1642E400F10DB0 /* Build configuration list for PBXNativeTarget "DemoTests" */ = {
			isa = XCConfigurationList;
			buildConfigurations = (
				B9917FCE2C1642E400F10DB0 /* Debug */,
				B9917FCF2C1642E400F10DB0 /* Release */,
			);
			defaultConfigurationIsVisible = 0;
			defaultConfigurationName = Release;
		};
/* End XCConfigurationList section */

/* Begin XCLocalSwiftPackageReference section */
		B93F2C932DAA36BF002EBDC9 /* XCLocalSwiftPackageReference "../../swift-unidirectional-data-flow" */ = {
			isa = XCLocalSwiftPackageReference;
			relativePath = "../../swift-unidirectional-data-flow";
		};
/* End XCLocalSwiftPackageReference section */

/* Begin XCSwiftPackageProductDependency section */
		B93F2C942DAA36BF002EBDC9 /* SwiftUDF */ = {
			isa = XCSwiftPackageProductDependency;
			productName = SwiftUDF;
		};
		B93F2C962DAA36C8002EBDC9 /* SwiftUDFCodeGeneratorPlugin */ = {
			isa = XCSwiftPackageProductDependency;
			package = B93F2C932DAA36BF002EBDC9 /* XCLocalSwiftPackageReference "../../swift-unidirectional-data-flow" */;
			productName = "plugin:SwiftUDFCodeGeneratorPlugin";
		};
		B9917FD42C16438B00F10DB0 /* SwiftUDF */ = {
			isa = XCSwiftPackageProductDependency;
			productName = SwiftUDF;
		};
/* End XCSwiftPackageProductDependency section */
	};
	rootObject = B9917F9D2C1642E100F10DB0 /* Project object */;
}
